
Microsoft Visual Studio Solution File, Format Version 12.00
# Visual Studio Version 17
VisualStudioVersion = 17.8.34330.188
MinimumVisualStudioVersion = 10.0.40219.1
Project("{FAE04EC0-301F-11D3-BF4B-00C04F79EFBC}") = "Notes", "Notes\Notes.csproj", "{0957F94F-7730-444E-9262-4F0B343A2CA8}"
EndProject
Global
	GlobalSection(SolutionConfigurationPlatforms) = preSolution
		Debug|Any CPU = Debug|Any CPU
		Release|Any CPU = Release|Any CPU
	EndGlobalSection
	GlobalSection(ProjectConfigurationPlatforms) = postSolution
		{0957F94F-7730-444E-9262-4F0B343A2CA8}.Debug|Any CPU.ActiveCfg = Debug|Any CPU
		{0957F94F-7730-444E-9262-4F0B343A2CA8}.Debug|Any CPU.Build.0 = Debug|Any CPU
		{0957F94F-7730-444E-9262-4F0B343A2CA8}.Release|Any CPU.ActiveCfg = Release|Any CPU
		{0957F94F-7730-444E-9262-4F0B343A2CA8}.Release|Any CPU.Build.0 = Release|Any CPU
	EndGlobalSection
	GlobalSection(SolutionProperties) = preSolution
		HideSolutionNode = FALSE
	EndGlobalSection
	GlobalSection(ExtensibilityGlobals) = postSolution
		SolutionGuid = {9F41D59F-9B9C-4AF3-ADAB-33EB7501CF5F}
	EndGlobalSection
EndGlobal
